
Microsoft Visual Studio Solution File, Format Version 12.00
# Visual Studio Version 17
VisualStudioVersion = 17.10.35122.118
MinimumVisualStudioVersion = 10.0.40219.1
Project("{FAE04EC0-301F-11D3-BF4B-00C04F79EFBC}") = "Fahy_Ian_Countdown", "Countdown\Fahy_Ian_Countdown.csproj", "{65688EAC-2775-47AD-8671-D486AA42AE68}"
EndProject
Global
	GlobalSection(SolutionConfigurationPlatforms) = preSolution
		Debug|Any CPU = Debug|Any CPU
		Release|Any CPU = Release|Any CPU
	EndGlobalSection
	GlobalSection(ProjectConfigurationPlatforms) = postSolution
		{65688EAC-2775-47AD-8671-D486AA42AE68}.Debug|Any CPU.ActiveCfg = Debug|Any CPU
		{65688EAC-2775-47AD-8671-D486AA42AE68}.Debug|Any CPU.Build.0 = Debug|Any CPU
		{65688EAC-2775-47AD-8671-D486AA42AE68}.Debug|Any CPU.Deploy.0 = Debug|Any CPU
		{65688EAC-2775-47AD-8671-D486AA42AE68}.Release|Any CPU.ActiveCfg = Release|Any CPU
		{65688EAC-2775-47AD-8671-D486AA42AE68}.Release|Any CPU.Build.0 = Release|Any CPU
		{65688EAC-2775-47AD-8671-D486AA42AE68}.Release|Any CPU.Deploy.0 = Release|Any CPU
	EndGlobalSection
	GlobalSection(SolutionProperties) = preSolution
		HideSolutionNode = FALSE
	EndGlobalSection
	GlobalSection(ExtensibilityGlobals) = postSolution
		SolutionGuid = {6FC6271D-6B98-48DE-A3CC-27E22C50BD63}
	EndGlobalSection
EndGlobal
